// !$*UTF8*$!
{
	archiveVersion = 1;
	classes = {
	};
	objectVersion = 55;
	objects = {

/* Begin PBXBuildFile section */
		2F065E0C2839690400EC5870 /* NetworkLogger.swift in Sources */ = {isa = PBXBuildFile; fileRef = 2F065E0B2839690400EC5870 /* NetworkLogger.swift */; };
		2F065E0E283969DC00EC5870 /* NetworkLoggerImpl.swift in Sources */ = {isa = PBXBuildFile; fileRef = 2F065E0D283969DC00EC5870 /* NetworkLoggerImpl.swift */; };
		2F065E1228396FC100EC5870 /* FoodProductRepository.swift in Sources */ = {isa = PBXBuildFile; fileRef = 2F065E1128396FC100EC5870 /* FoodProductRepository.swift */; };
		2F065E17283971E100EC5870 /* FoodProduct.swift in Sources */ = {isa = PBXBuildFile; fileRef = 2F065E16283971E100EC5870 /* FoodProduct.swift */; };
		2F065E19283973D900EC5870 /* Cancellable.swift in Sources */ = {isa = PBXBuildFile; fileRef = 2F065E18283973D900EC5870 /* Cancellable.swift */; };
		2F065E1C283974B500EC5870 /* FoodProductRepositoryImpl.swift in Sources */ = {isa = PBXBuildFile; fileRef = 2F065E1B283974B500EC5870 /* FoodProductRepositoryImpl.swift */; };
		2F065E2328397B5C00EC5870 /* AppConfiguration.swift in Sources */ = {isa = PBXBuildFile; fileRef = 2F065E2228397B5C00EC5870 /* AppConfiguration.swift */; };
		2F065E262839825900EC5870 /* AppAssembly.swift in Sources */ = {isa = PBXBuildFile; fileRef = 2F065E252839825900EC5870 /* AppAssembly.swift */; };
		2F065E29283983EC00EC5870 /* AppCoordinator.swift in Sources */ = {isa = PBXBuildFile; fileRef = 2F065E28283983EC00EC5870 /* AppCoordinator.swift */; };
		2F065E2F283992F400EC5870 /* FoodShakerCoordinator.swift in Sources */ = {isa = PBXBuildFile; fileRef = 2F065E2E283992F400EC5870 /* FoodShakerCoordinator.swift */; };
		2F065E342839954E00EC5870 /* FoodShakerViewController.swift in Sources */ = {isa = PBXBuildFile; fileRef = 2F065E332839954E00EC5870 /* FoodShakerViewController.swift */; };
		2F065E37283995C100EC5870 /* AppRouter.swift in Sources */ = {isa = PBXBuildFile; fileRef = 2F065E36283995C100EC5870 /* AppRouter.swift */; };
		2F065E392839968E00EC5870 /* FoodShakerAssembly.swift in Sources */ = {isa = PBXBuildFile; fileRef = 2F065E382839968E00EC5870 /* FoodShakerAssembly.swift */; };
		2F065E3D2839A7B400EC5870 /* FoodShakerViewController.xib in Resources */ = {isa = PBXBuildFile; fileRef = 2F065E3C2839A7B400EC5870 /* FoodShakerViewController.xib */; };
		2F065E402839A83900EC5870 /* UIViewController+NIb.swift in Sources */ = {isa = PBXBuildFile; fileRef = 2F065E3F2839A83900EC5870 /* UIViewController+NIb.swift */; };
		2F065E432839B0A200EC5870 /* FoodShakeUseCase.swift in Sources */ = {isa = PBXBuildFile; fileRef = 2F065E422839B0A200EC5870 /* FoodShakeUseCase.swift */; };
		2F065E462839B27900EC5870 /* FoodShakeViewModel.swift in Sources */ = {isa = PBXBuildFile; fileRef = 2F065E452839B27900EC5870 /* FoodShakeViewModel.swift */; };
		2F065E482839BBA000EC5870 /* Observable.swift in Sources */ = {isa = PBXBuildFile; fileRef = 2F065E472839BBA000EC5870 /* Observable.swift */; };
		2F065E4A283A761D00EC5870 /* UIView+Animations.swift in Sources */ = {isa = PBXBuildFile; fileRef = 2F065E49283A761D00EC5870 /* UIView+Animations.swift */; };
		2F065E4C283A7B6400EC5870 /* UIView+Layer.swift in Sources */ = {isa = PBXBuildFile; fileRef = 2F065E4B283A7B6400EC5870 /* UIView+Layer.swift */; };
		2F065E51283A826800EC5870 /* UIViewController+Alert.swift in Sources */ = {isa = PBXBuildFile; fileRef = 2F065E50283A826800EC5870 /* UIViewController+Alert.swift */; };
		2F065E53283A83C700EC5870 /* Localization.swift in Sources */ = {isa = PBXBuildFile; fileRef = 2F065E52283A83C700EC5870 /* Localization.swift */; };
		2F065E56283AB7EC00EC5870 /* InfoView.swift in Sources */ = {isa = PBXBuildFile; fileRef = 2F065E55283AB7EC00EC5870 /* InfoView.swift */; };
		2F065E59283AB7F900EC5870 /* InfoView.xib in Resources */ = {isa = PBXBuildFile; fileRef = 2F065E58283AB7F900EC5870 /* InfoView.xib */; };
		2F065E5B283ABD5000EC5870 /* NibDesignable.swift in Sources */ = {isa = PBXBuildFile; fileRef = 2F065E5A283ABD5000EC5870 /* NibDesignable.swift */; };
		2F065E5F283AE3DD00EC5870 /* GradientView.swift in Sources */ = {isa = PBXBuildFile; fileRef = 2F065E5E283AE3DD00EC5870 /* GradientView.swift */; };
		2F065E62283AE60200EC5870 /* AppAppearance.swift in Sources */ = {isa = PBXBuildFile; fileRef = 2F065E61283AE60200EC5870 /* AppAppearance.swift */; };
		2F065E64283AE63800EC5870 /* AppTheme.swift in Sources */ = {isa = PBXBuildFile; fileRef = 2F065E63283AE63800EC5870 /* AppTheme.swift */; };
		2F065E66283AF6B400EC5870 /* UIView+Gradient.swift in Sources */ = {isa = PBXBuildFile; fileRef = 2F065E65283AF6B400EC5870 /* UIView+Gradient.swift */; };
		2F065E6A283B09D100EC5870 /* Model.xcdatamodeld in Sources */ = {isa = PBXBuildFile; fileRef = 2F065E68283B09D100EC5870 /* Model.xcdatamodeld */; };
		2F065E6C283B09E200EC5870 /* CoreDataStorage.swift in Sources */ = {isa = PBXBuildFile; fileRef = 2F065E6B283B09E200EC5870 /* CoreDataStorage.swift */; };
		2F065E86283D7EFB00EC5870 /* FoodStorage.swift in Sources */ = {isa = PBXBuildFile; fileRef = 2F065E85283D7EFB00EC5870 /* FoodStorage.swift */; };
		2F065E89283D802400EC5870 /* FoodStorageImpl.swift in Sources */ = {isa = PBXBuildFile; fileRef = 2F065E88283D802400EC5870 /* FoodStorageImpl.swift */; };
		2F065E95283D8CCF00EC5870 /* RepositoryTask.swift in Sources */ = {isa = PBXBuildFile; fileRef = 2F065E94283D8CCF00EC5870 /* RepositoryTask.swift */; };
		2F065E97283D98D500EC5870 /* FoodEntity+Mapping.swift in Sources */ = {isa = PBXBuildFile; fileRef = 2F065E96283D98D500EC5870 /* FoodEntity+Mapping.swift */; };
		2F065E9C283D992700EC5870 /* FoodEntity+CoreDataClass.swift in Sources */ = {isa = PBXBuildFile; fileRef = 2F065E98283D992700EC5870 /* FoodEntity+CoreDataClass.swift */; };
		2F065E9D283D992700EC5870 /* FoodEntity+CoreDataProperties.swift in Sources */ = {isa = PBXBuildFile; fileRef = 2F065E99283D992700EC5870 /* FoodEntity+CoreDataProperties.swift */; };
		2F065EA5283D99AC00EC5870 /* HistoryEntity+CoreDataClass.swift in Sources */ = {isa = PBXBuildFile; fileRef = 2F065EA3283D99AC00EC5870 /* HistoryEntity+CoreDataClass.swift */; };
		2F065EA6283D99AC00EC5870 /* HistoryEntity+CoreDataProperties.swift in Sources */ = {isa = PBXBuildFile; fileRef = 2F065EA4283D99AC00EC5870 /* HistoryEntity+CoreDataProperties.swift */; };
		2F065EB3283EF60300EC5870 /* BaseNavigationController.swift in Sources */ = {isa = PBXBuildFile; fileRef = 2F065EB2283EF60300EC5870 /* BaseNavigationController.swift */; };
		2F065EB8283EF78E00EC5870 /* HistoryViewController.swift in Sources */ = {isa = PBXBuildFile; fileRef = 2F065EB6283EF78E00EC5870 /* HistoryViewController.swift */; };
		2F065EB9283EF78E00EC5870 /* HistoryViewController.xib in Resources */ = {isa = PBXBuildFile; fileRef = 2F065EB7283EF78E00EC5870 /* HistoryViewController.xib */; };
		2F065EBC283EF79F00EC5870 /* FoodDetailsViewController.swift in Sources */ = {isa = PBXBuildFile; fileRef = 2F065EBA283EF79F00EC5870 /* FoodDetailsViewController.swift */; };
		2F065EBD283EF79F00EC5870 /* FoodDetailsViewController.xib in Resources */ = {isa = PBXBuildFile; fileRef = 2F065EBB283EF79F00EC5870 /* FoodDetailsViewController.xib */; };
		2F065EBF283EF9B300EC5870 /* HistoryRepository.swift in Sources */ = {isa = PBXBuildFile; fileRef = 2F065EBE283EF9B300EC5870 /* HistoryRepository.swift */; };
		2F065EC1283EF9F600EC5870 /* HistoryItem.swift in Sources */ = {isa = PBXBuildFile; fileRef = 2F065EC0283EF9F600EC5870 /* HistoryItem.swift */; };
		2F065EC3283EFA1B00EC5870 /* HistoryRepositoryImpl.swift in Sources */ = {isa = PBXBuildFile; fileRef = 2F065EC2283EFA1B00EC5870 /* HistoryRepositoryImpl.swift */; };
		2F065EC5283EFC4200EC5870 /* FoodHistoryResponseDTO.swift in Sources */ = {isa = PBXBuildFile; fileRef = 2F065EC4283EFC4200EC5870 /* FoodHistoryResponseDTO.swift */; };
		2F065EC7283EFE4100EC5870 /* HistoryEntity+Mapping.swift in Sources */ = {isa = PBXBuildFile; fileRef = 2F065EC6283EFE4100EC5870 /* HistoryEntity+Mapping.swift */; };
		2F065EC9283F01D000EC5870 /* HistoryUseCase.swift in Sources */ = {isa = PBXBuildFile; fileRef = 2F065EC8283F01D000EC5870 /* HistoryUseCase.swift */; };
		2F065ECD283F02CF00EC5870 /* HistoryViewModel.swift in Sources */ = {isa = PBXBuildFile; fileRef = 2F065ECC283F02CF00EC5870 /* HistoryViewModel.swift */; };
		2F065ED0283FC8FF00EC5870 /* HistoryItemCell.swift in Sources */ = {isa = PBXBuildFile; fileRef = 2F065ECE283FC8FF00EC5870 /* HistoryItemCell.swift */; };
		2F065ED1283FC8FF00EC5870 /* HistoryItemCell.xib in Resources */ = {isa = PBXBuildFile; fileRef = 2F065ECF283FC8FF00EC5870 /* HistoryItemCell.xib */; };
		2F065ED3283FD86800EC5870 /* HistoryItemViewModel.swift in Sources */ = {isa = PBXBuildFile; fileRef = 2F065ED2283FD86800EC5870 /* HistoryItemViewModel.swift */; };
		2F065ED728402D1C00EC5870 /* PagingFlowLayout.swift in Sources */ = {isa = PBXBuildFile; fileRef = 2F065ED628402D1C00EC5870 /* PagingFlowLayout.swift */; };
		2F065ED92840324D00EC5870 /* ProgressView.swift in Sources */ = {isa = PBXBuildFile; fileRef = 2F065ED82840324D00EC5870 /* ProgressView.swift */; };
		2F065EDC2840325C00EC5870 /* ProgressView.xib in Resources */ = {isa = PBXBuildFile; fileRef = 2F065EDB2840325C00EC5870 /* ProgressView.xib */; };
		2F7E7B1928313FE50063C0A9 /* AppDelegate.swift in Sources */ = {isa = PBXBuildFile; fileRef = 2F7E7B1828313FE50063C0A9 /* AppDelegate.swift */; };
		2F7E7B2228313FE80063C0A9 /* Assets.xcassets in Resources */ = {isa = PBXBuildFile; fileRef = 2F7E7B2128313FE80063C0A9 /* Assets.xcassets */; };
		2F7E7B2528313FE80063C0A9 /* LaunchScreen.storyboard in Resources */ = {isa = PBXBuildFile; fileRef = 2F7E7B2328313FE80063C0A9 /* LaunchScreen.storyboard */; };
		2F7E7B33283141DE0063C0A9 /* Localizable.strings in Resources */ = {isa = PBXBuildFile; fileRef = 2F7E7B32283141DE0063C0A9 /* Localizable.strings */; };
		2F7E7B37283145520063C0A9 /* NetworkService.swift in Sources */ = {isa = PBXBuildFile; fileRef = 2F7E7B36283145520063C0A9 /* NetworkService.swift */; };
		2F7E7B39283148020063C0A9 /* Requestable.swift in Sources */ = {isa = PBXBuildFile; fileRef = 2F7E7B38283148020063C0A9 /* Requestable.swift */; };
		2F7E7B3B2831486F0063C0A9 /* NetworkConfigurable.swift in Sources */ = {isa = PBXBuildFile; fileRef = 2F7E7B3A2831486F0063C0A9 /* NetworkConfigurable.swift */; };
		2F7E7B3D28314D5C0063C0A9 /* NetworkServiceImpl.swift in Sources */ = {isa = PBXBuildFile; fileRef = 2F7E7B3C28314D5C0063C0A9 /* NetworkServiceImpl.swift */; };
		2F7E7B40283151110063C0A9 /* NetworkConfig.swift in Sources */ = {isa = PBXBuildFile; fileRef = 2F7E7B3F283151110063C0A9 /* NetworkConfig.swift */; };
		2F7E7B42283151E10063C0A9 /* Endpoint.swift in Sources */ = {isa = PBXBuildFile; fileRef = 2F7E7B41283151E10063C0A9 /* Endpoint.swift */; };
		2F7E7B522833023D0063C0A9 /* APIEndpoints.swift in Sources */ = {isa = PBXBuildFile; fileRef = 2F7E7B512833023D0063C0A9 /* APIEndpoints.swift */; };
		2F7E7B552833027E0063C0A9 /* FoodProductRequestDTO.swift in Sources */ = {isa = PBXBuildFile; fileRef = 2F7E7B542833027E0063C0A9 /* FoodProductRequestDTO.swift */; };
		2F7E7B57283302CA0063C0A9 /* FoodProductResponseDTO.swift in Sources */ = {isa = PBXBuildFile; fileRef = 2F7E7B56283302CA0063C0A9 /* FoodProductResponseDTO.swift */; };
		2F7E7B592833063A0063C0A9 /* JSONResponseDecoder.swift in Sources */ = {isa = PBXBuildFile; fileRef = 2F7E7B582833063A0063C0A9 /* JSONResponseDecoder.swift */; };
		2F7E7B5B283309C60063C0A9 /* DataTransferService.swift in Sources */ = {isa = PBXBuildFile; fileRef = 2F7E7B5A283309C60063C0A9 /* DataTransferService.swift */; };
		2F7E7B5D28330A3D0063C0A9 /* DataTransferServiceImpl.swift in Sources */ = {isa = PBXBuildFile; fileRef = 2F7E7B5C28330A3D0063C0A9 /* DataTransferServiceImpl.swift */; };
		2F7E7B5F28330EFF0063C0A9 /* NetworkSessionManagerImpl.swift in Sources */ = {isa = PBXBuildFile; fileRef = 2F7E7B5E28330EFE0063C0A9 /* NetworkSessionManagerImpl.swift */; };
		2FD9991228413EDE00A254A9 /* UIColor+Utils.swift in Sources */ = {isa = PBXBuildFile; fileRef = 2FD9991128413EDE00A254A9 /* UIColor+Utils.swift */; };
		2FD9992228427BE700A254A9 /* FoodProduct+Mock.swift in Sources */ = {isa = PBXBuildFile; fileRef = 2FD9992128427BE700A254A9 /* FoodProduct+Mock.swift */; };
		2FD9992328427C1700A254A9 /* FoodProduct.swift in Sources */ = {isa = PBXBuildFile; fileRef = 2F065E16283971E100EC5870 /* FoodProduct.swift */; };
		2FD9992728427E0E00A254A9 /* NetworkServiceTests.swift in Sources */ = {isa = PBXBuildFile; fileRef = 2FD9992628427E0E00A254A9 /* NetworkServiceTests.swift */; };
		2FD9992A28427E4200A254A9 /* EndpointMock.swift in Sources */ = {isa = PBXBuildFile; fileRef = 2FD9992928427E4200A254A9 /* EndpointMock.swift */; };
		2FD9992B28427E9B00A254A9 /* Requestable.swift in Sources */ = {isa = PBXBuildFile; fileRef = 2F7E7B38283148020063C0A9 /* Requestable.swift */; };
		2FD9992D28427F9C00A254A9 /* NetworkConfigurableMock.swift in Sources */ = {isa = PBXBuildFile; fileRef = 2FD9992C28427F9C00A254A9 /* NetworkConfigurableMock.swift */; };
		2FD9992E28427FB700A254A9 /* NetworkConfigurable.swift in Sources */ = {isa = PBXBuildFile; fileRef = 2F7E7B3A2831486F0063C0A9 /* NetworkConfigurable.swift */; };
		2FD9992F2842809B00A254A9 /* NetworkService.swift in Sources */ = {isa = PBXBuildFile; fileRef = 2F7E7B36283145520063C0A9 /* NetworkService.swift */; };
		2FD99930284280DF00A254A9 /* NetworkServiceImpl.swift in Sources */ = {isa = PBXBuildFile; fileRef = 2F7E7B3C28314D5C0063C0A9 /* NetworkServiceImpl.swift */; };
		2FD999322842811100A254A9 /* NetworkSessionManagerMock.swift in Sources */ = {isa = PBXBuildFile; fileRef = 2FD999312842811100A254A9 /* NetworkSessionManagerMock.swift */; };
		2FD999332842830E00A254A9 /* NetworkLogger.swift in Sources */ = {isa = PBXBuildFile; fileRef = 2F065E0B2839690400EC5870 /* NetworkLogger.swift */; };
		2FD999342842835D00A254A9 /* NetworkLoggerImpl.swift in Sources */ = {isa = PBXBuildFile; fileRef = 2F065E0D283969DC00EC5870 /* NetworkLoggerImpl.swift */; };
		2FD999352842836A00A254A9 /* Cancellable.swift in Sources */ = {isa = PBXBuildFile; fileRef = 2F065E18283973D900EC5870 /* Cancellable.swift */; };
/* End PBXBuildFile section */

/* Begin PBXContainerItemProxy section */
		2FD9991B28427AAB00A254A9 /* PBXContainerItemProxy */ = {
			isa = PBXContainerItemProxy;
			containerPortal = 2F7E7B0D28313FE50063C0A9 /* Project object */;
			proxyType = 1;
			remoteGlobalIDString = 2F7E7B1428313FE50063C0A9;
			remoteInfo = LS;
		};
/* End PBXContainerItemProxy section */

/* Begin PBXFileReference section */
		2F065E0B2839690400EC5870 /* NetworkLogger.swift */ = {isa = PBXFileReference; lastKnownFileType = sourcecode.swift; path = NetworkLogger.swift; sourceTree = "<group>"; };
		2F065E0D283969DC00EC5870 /* NetworkLoggerImpl.swift */ = {isa = PBXFileReference; lastKnownFileType = sourcecode.swift; path = NetworkLoggerImpl.swift; sourceTree = "<group>"; };
		2F065E1128396FC100EC5870 /* FoodProductRepository.swift */ = {isa = PBXFileReference; lastKnownFileType = sourcecode.swift; path = FoodProductRepository.swift; sourceTree = "<group>"; };
		2F065E16283971E100EC5870 /* FoodProduct.swift */ = {isa = PBXFileReference; lastKnownFileType = sourcecode.swift; path = FoodProduct.swift; sourceTree = "<group>"; };
		2F065E18283973D900EC5870 /* Cancellable.swift */ = {isa = PBXFileReference; lastKnownFileType = sourcecode.swift; path = Cancellable.swift; sourceTree = "<group>"; };
		2F065E1B283974B500EC5870 /* FoodProductRepositoryImpl.swift */ = {isa = PBXFileReference; lastKnownFileType = sourcecode.swift; path = FoodProductRepositoryImpl.swift; sourceTree = "<group>"; };
		2F065E2228397B5C00EC5870 /* AppConfiguration.swift */ = {isa = PBXFileReference; lastKnownFileType = sourcecode.swift; path = AppConfiguration.swift; sourceTree = "<group>"; };
		2F065E252839825900EC5870 /* AppAssembly.swift */ = {isa = PBXFileReference; fileEncoding = 4; lastKnownFileType = sourcecode.swift; path = AppAssembly.swift; sourceTree = "<group>"; };
		2F065E28283983EC00EC5870 /* AppCoordinator.swift */ = {isa = PBXFileReference; lastKnownFileType = sourcecode.swift; path = AppCoordinator.swift; sourceTree = "<group>"; };
		2F065E2E283992F400EC5870 /* FoodShakerCoordinator.swift */ = {isa = PBXFileReference; lastKnownFileType = sourcecode.swift; path = FoodShakerCoordinator.swift; sourceTree = "<group>"; };
		2F065E332839954E00EC5870 /* FoodShakerViewController.swift */ = {isa = PBXFileReference; lastKnownFileType = sourcecode.swift; path = FoodShakerViewController.swift; sourceTree = "<group>"; };
		2F065E36283995C100EC5870 /* AppRouter.swift */ = {isa = PBXFileReference; lastKnownFileType = sourcecode.swift; path = AppRouter.swift; sourceTree = "<group>"; };
		2F065E382839968E00EC5870 /* FoodShakerAssembly.swift */ = {isa = PBXFileReference; lastKnownFileType = sourcecode.swift; path = FoodShakerAssembly.swift; sourceTree = "<group>"; };
		2F065E3C2839A7B400EC5870 /* FoodShakerViewController.xib */ = {isa = PBXFileReference; lastKnownFileType = file.xib; path = FoodShakerViewController.xib; sourceTree = "<group>"; };
		2F065E3F2839A83900EC5870 /* UIViewController+NIb.swift */ = {isa = PBXFileReference; lastKnownFileType = sourcecode.swift; path = "UIViewController+NIb.swift"; sourceTree = "<group>"; };
		2F065E422839B0A200EC5870 /* FoodShakeUseCase.swift */ = {isa = PBXFileReference; lastKnownFileType = sourcecode.swift; path = FoodShakeUseCase.swift; sourceTree = "<group>"; };
		2F065E452839B27900EC5870 /* FoodShakeViewModel.swift */ = {isa = PBXFileReference; lastKnownFileType = sourcecode.swift; path = FoodShakeViewModel.swift; sourceTree = "<group>"; };
		2F065E472839BBA000EC5870 /* Observable.swift */ = {isa = PBXFileReference; lastKnownFileType = sourcecode.swift; path = Observable.swift; sourceTree = "<group>"; };
		2F065E49283A761D00EC5870 /* UIView+Animations.swift */ = {isa = PBXFileReference; lastKnownFileType = sourcecode.swift; path = "UIView+Animations.swift"; sourceTree = "<group>"; };
		2F065E4B283A7B6400EC5870 /* UIView+Layer.swift */ = {isa = PBXFileReference; lastKnownFileType = sourcecode.swift; path = "UIView+Layer.swift"; sourceTree = "<group>"; };
		2F065E50283A826800EC5870 /* UIViewController+Alert.swift */ = {isa = PBXFileReference; lastKnownFileType = sourcecode.swift; path = "UIViewController+Alert.swift"; sourceTree = "<group>"; };
		2F065E52283A83C700EC5870 /* Localization.swift */ = {isa = PBXFileReference; lastKnownFileType = sourcecode.swift; path = Localization.swift; sourceTree = "<group>"; };
		2F065E55283AB7EC00EC5870 /* InfoView.swift */ = {isa = PBXFileReference; lastKnownFileType = sourcecode.swift; path = InfoView.swift; sourceTree = "<group>"; };
		2F065E58283AB7F900EC5870 /* InfoView.xib */ = {isa = PBXFileReference; lastKnownFileType = file.xib; path = InfoView.xib; sourceTree = "<group>"; };
		2F065E5A283ABD5000EC5870 /* NibDesignable.swift */ = {isa = PBXFileReference; lastKnownFileType = sourcecode.swift; path = NibDesignable.swift; sourceTree = "<group>"; };
		2F065E5E283AE3DD00EC5870 /* GradientView.swift */ = {isa = PBXFileReference; lastKnownFileType = sourcecode.swift; path = GradientView.swift; sourceTree = "<group>"; };
		2F065E61283AE60200EC5870 /* AppAppearance.swift */ = {isa = PBXFileReference; lastKnownFileType = sourcecode.swift; path = AppAppearance.swift; sourceTree = "<group>"; };
		2F065E63283AE63800EC5870 /* AppTheme.swift */ = {isa = PBXFileReference; lastKnownFileType = sourcecode.swift; path = AppTheme.swift; sourceTree = "<group>"; };
		2F065E65283AF6B400EC5870 /* UIView+Gradient.swift */ = {isa = PBXFileReference; lastKnownFileType = sourcecode.swift; path = "UIView+Gradient.swift"; sourceTree = "<group>"; };
		2F065E69283B09D100EC5870 /* Model.xcdatamodel */ = {isa = PBXFileReference; lastKnownFileType = wrapper.xcdatamodel; path = Model.xcdatamodel; sourceTree = "<group>"; };
		2F065E6B283B09E200EC5870 /* CoreDataStorage.swift */ = {isa = PBXFileReference; lastKnownFileType = sourcecode.swift; path = CoreDataStorage.swift; sourceTree = "<group>"; };
		2F065E85283D7EFB00EC5870 /* FoodStorage.swift */ = {isa = PBXFileReference; lastKnownFileType = sourcecode.swift; path = FoodStorage.swift; sourceTree = "<group>"; };
		2F065E88283D802400EC5870 /* FoodStorageImpl.swift */ = {isa = PBXFileReference; lastKnownFileType = sourcecode.swift; path = FoodStorageImpl.swift; sourceTree = "<group>"; };
		2F065E94283D8CCF00EC5870 /* RepositoryTask.swift */ = {isa = PBXFileReference; lastKnownFileType = sourcecode.swift; path = RepositoryTask.swift; sourceTree = "<group>"; };
		2F065E96283D98D500EC5870 /* FoodEntity+Mapping.swift */ = {isa = PBXFileReference; lastKnownFileType = sourcecode.swift; path = "FoodEntity+Mapping.swift"; sourceTree = "<group>"; };
		2F065E98283D992700EC5870 /* FoodEntity+CoreDataClass.swift */ = {isa = PBXFileReference; lastKnownFileType = sourcecode.swift; path = "FoodEntity+CoreDataClass.swift"; sourceTree = "<group>"; };
		2F065E99283D992700EC5870 /* FoodEntity+CoreDataProperties.swift */ = {isa = PBXFileReference; lastKnownFileType = sourcecode.swift; path = "FoodEntity+CoreDataProperties.swift"; sourceTree = "<group>"; };
		2F065EA3283D99AC00EC5870 /* HistoryEntity+CoreDataClass.swift */ = {isa = PBXFileReference; lastKnownFileType = sourcecode.swift; path = "HistoryEntity+CoreDataClass.swift"; sourceTree = "<group>"; };
		2F065EA4283D99AC00EC5870 /* HistoryEntity+CoreDataProperties.swift */ = {isa = PBXFileReference; lastKnownFileType = sourcecode.swift; path = "HistoryEntity+CoreDataProperties.swift"; sourceTree = "<group>"; };
		2F065EB2283EF60300EC5870 /* BaseNavigationController.swift */ = {isa = PBXFileReference; lastKnownFileType = sourcecode.swift; path = BaseNavigationController.swift; sourceTree = "<group>"; };
		2F065EB6283EF78E00EC5870 /* HistoryViewController.swift */ = {isa = PBXFileReference; lastKnownFileType = sourcecode.swift; path = HistoryViewController.swift; sourceTree = "<group>"; };
		2F065EB7283EF78E00EC5870 /* HistoryViewController.xib */ = {isa = PBXFileReference; lastKnownFileType = file.xib; path = HistoryViewController.xib; sourceTree = "<group>"; };
		2F065EBA283EF79F00EC5870 /* FoodDetailsViewController.swift */ = {isa = PBXFileReference; lastKnownFileType = sourcecode.swift; path = FoodDetailsViewController.swift; sourceTree = "<group>"; };
		2F065EBB283EF79F00EC5870 /* FoodDetailsViewController.xib */ = {isa = PBXFileReference; lastKnownFileType = file.xib; path = FoodDetailsViewController.xib; sourceTree = "<group>"; };
		2F065EBE283EF9B300EC5870 /* HistoryRepository.swift */ = {isa = PBXFileReference; lastKnownFileType = sourcecode.swift; path = HistoryRepository.swift; sourceTree = "<group>"; };
		2F065EC0283EF9F600EC5870 /* HistoryItem.swift */ = {isa = PBXFileReference; lastKnownFileType = sourcecode.swift; path = HistoryItem.swift; sourceTree = "<group>"; };
		2F065EC2283EFA1B00EC5870 /* HistoryRepositoryImpl.swift */ = {isa = PBXFileReference; lastKnownFileType = sourcecode.swift; path = HistoryRepositoryImpl.swift; sourceTree = "<group>"; };
		2F065EC4283EFC4200EC5870 /* FoodHistoryResponseDTO.swift */ = {isa = PBXFileReference; lastKnownFileType = sourcecode.swift; path = FoodHistoryResponseDTO.swift; sourceTree = "<group>"; };
		2F065EC6283EFE4100EC5870 /* HistoryEntity+Mapping.swift */ = {isa = PBXFileReference; lastKnownFileType = sourcecode.swift; path = "HistoryEntity+Mapping.swift"; sourceTree = "<group>"; };
		2F065EC8283F01D000EC5870 /* HistoryUseCase.swift */ = {isa = PBXFileReference; lastKnownFileType = sourcecode.swift; path = HistoryUseCase.swift; sourceTree = "<group>"; };
		2F065ECC283F02CF00EC5870 /* HistoryViewModel.swift */ = {isa = PBXFileReference; lastKnownFileType = sourcecode.swift; path = HistoryViewModel.swift; sourceTree = "<group>"; };
		2F065ECE283FC8FF00EC5870 /* HistoryItemCell.swift */ = {isa = PBXFileReference; lastKnownFileType = sourcecode.swift; path = HistoryItemCell.swift; sourceTree = "<group>"; };
		2F065ECF283FC8FF00EC5870 /* HistoryItemCell.xib */ = {isa = PBXFileReference; lastKnownFileType = file.xib; path = HistoryItemCell.xib; sourceTree = "<group>"; };
		2F065ED2283FD86800EC5870 /* HistoryItemViewModel.swift */ = {isa = PBXFileReference; lastKnownFileType = sourcecode.swift; path = HistoryItemViewModel.swift; sourceTree = "<group>"; };
		2F065ED628402D1C00EC5870 /* PagingFlowLayout.swift */ = {isa = PBXFileReference; lastKnownFileType = sourcecode.swift; path = PagingFlowLayout.swift; sourceTree = "<group>"; };
		2F065ED82840324D00EC5870 /* ProgressView.swift */ = {isa = PBXFileReference; lastKnownFileType = sourcecode.swift; path = ProgressView.swift; sourceTree = "<group>"; };
		2F065EDB2840325C00EC5870 /* ProgressView.xib */ = {isa = PBXFileReference; lastKnownFileType = file.xib; path = ProgressView.xib; sourceTree = "<group>"; };
		2F7E7B1528313FE50063C0A9 /* LS.app */ = {isa = PBXFileReference; explicitFileType = wrapper.application; includeInIndex = 0; path = LS.app; sourceTree = BUILT_PRODUCTS_DIR; };
		2F7E7B1828313FE50063C0A9 /* AppDelegate.swift */ = {isa = PBXFileReference; lastKnownFileType = sourcecode.swift; path = AppDelegate.swift; sourceTree = "<group>"; };
		2F7E7B2128313FE80063C0A9 /* Assets.xcassets */ = {isa = PBXFileReference; lastKnownFileType = folder.assetcatalog; path = Assets.xcassets; sourceTree = "<group>"; };
		2F7E7B2428313FE80063C0A9 /* Base */ = {isa = PBXFileReference; lastKnownFileType = file.storyboard; name = Base; path = Base.lproj/LaunchScreen.storyboard; sourceTree = "<group>"; };
		2F7E7B2628313FE80063C0A9 /* Info.plist */ = {isa = PBXFileReference; lastKnownFileType = text.plist.xml; path = Info.plist; sourceTree = "<group>"; };
		2F7E7B32283141DE0063C0A9 /* Localizable.strings */ = {isa = PBXFileReference; lastKnownFileType = text.plist.strings; path = Localizable.strings; sourceTree = "<group>"; };
		2F7E7B36283145520063C0A9 /* NetworkService.swift */ = {isa = PBXFileReference; lastKnownFileType = sourcecode.swift; path = NetworkService.swift; sourceTree = "<group>"; };
		2F7E7B38283148020063C0A9 /* Requestable.swift */ = {isa = PBXFileReference; lastKnownFileType = sourcecode.swift; path = Requestable.swift; sourceTree = "<group>"; };
		2F7E7B3A2831486F0063C0A9 /* NetworkConfigurable.swift */ = {isa = PBXFileReference; lastKnownFileType = sourcecode.swift; path = NetworkConfigurable.swift; sourceTree = "<group>"; };
		2F7E7B3C28314D5C0063C0A9 /* NetworkServiceImpl.swift */ = {isa = PBXFileReference; lastKnownFileType = sourcecode.swift; path = NetworkServiceImpl.swift; sourceTree = "<group>"; };
		2F7E7B3F283151110063C0A9 /* NetworkConfig.swift */ = {isa = PBXFileReference; lastKnownFileType = sourcecode.swift; path = NetworkConfig.swift; sourceTree = "<group>"; };
		2F7E7B41283151E10063C0A9 /* Endpoint.swift */ = {isa = PBXFileReference; lastKnownFileType = sourcecode.swift; path = Endpoint.swift; sourceTree = "<group>"; };
		2F7E7B512833023D0063C0A9 /* APIEndpoints.swift */ = {isa = PBXFileReference; lastKnownFileType = sourcecode.swift; path = APIEndpoints.swift; sourceTree = "<group>"; };
		2F7E7B542833027E0063C0A9 /* FoodProductRequestDTO.swift */ = {isa = PBXFileReference; lastKnownFileType = sourcecode.swift; path = FoodProductRequestDTO.swift; sourceTree = "<group>"; };
		2F7E7B56283302CA0063C0A9 /* FoodProductResponseDTO.swift */ = {isa = PBXFileReference; lastKnownFileType = sourcecode.swift; path = FoodProductResponseDTO.swift; sourceTree = "<group>"; };
		2F7E7B582833063A0063C0A9 /* JSONResponseDecoder.swift */ = {isa = PBXFileReference; lastKnownFileType = sourcecode.swift; path = JSONResponseDecoder.swift; sourceTree = "<group>"; };
		2F7E7B5A283309C60063C0A9 /* DataTransferService.swift */ = {isa = PBXFileReference; lastKnownFileType = sourcecode.swift; path = DataTransferService.swift; sourceTree = "<group>"; };
		2F7E7B5C28330A3D0063C0A9 /* DataTransferServiceImpl.swift */ = {isa = PBXFileReference; lastKnownFileType = sourcecode.swift; path = DataTransferServiceImpl.swift; sourceTree = "<group>"; };
		2F7E7B5E28330EFE0063C0A9 /* NetworkSessionManagerImpl.swift */ = {isa = PBXFileReference; lastKnownFileType = sourcecode.swift; path = NetworkSessionManagerImpl.swift; sourceTree = "<group>"; };
		2FD9991128413EDE00A254A9 /* UIColor+Utils.swift */ = {isa = PBXFileReference; lastKnownFileType = sourcecode.swift; path = "UIColor+Utils.swift"; sourceTree = "<group>"; };
		2FD9991728427AAB00A254A9 /* LSTests.xctest */ = {isa = PBXFileReference; explicitFileType = wrapper.cfbundle; includeInIndex = 0; path = LSTests.xctest; sourceTree = BUILT_PRODUCTS_DIR; };
		2FD9992128427BE700A254A9 /* FoodProduct+Mock.swift */ = {isa = PBXFileReference; lastKnownFileType = sourcecode.swift; path = "FoodProduct+Mock.swift"; sourceTree = "<group>"; };
		2FD9992628427E0E00A254A9 /* NetworkServiceTests.swift */ = {isa = PBXFileReference; lastKnownFileType = sourcecode.swift; path = NetworkServiceTests.swift; sourceTree = "<group>"; };
		2FD9992928427E4200A254A9 /* EndpointMock.swift */ = {isa = PBXFileReference; lastKnownFileType = sourcecode.swift; path = EndpointMock.swift; sourceTree = "<group>"; };
		2FD9992C28427F9C00A254A9 /* NetworkConfigurableMock.swift */ = {isa = PBXFileReference; lastKnownFileType = sourcecode.swift; path = NetworkConfigurableMock.swift; sourceTree = "<group>"; };
		2FD999312842811100A254A9 /* NetworkSessionManagerMock.swift */ = {isa = PBXFileReference; lastKnownFileType = sourcecode.swift; path = NetworkSessionManagerMock.swift; sourceTree = "<group>"; };
/* End PBXFileReference section */

/* Begin PBXFrameworksBuildPhase section */
		2F7E7B1228313FE50063C0A9 /* Frameworks */ = {
			isa = PBXFrameworksBuildPhase;
			buildActionMask = 2147483647;
			files = (
			);
			runOnlyForDeploymentPostprocessing = 0;
		};
		2FD9991428427AAB00A254A9 /* Frameworks */ = {
			isa = PBXFrameworksBuildPhase;
			buildActionMask = 2147483647;
			files = (
			);
			runOnlyForDeploymentPostprocessing = 0;
		};
/* End PBXFrameworksBuildPhase section */

/* Begin PBXGroup section */
		2F065E0F28396F9500EC5870 /* Interface */ = {
			isa = PBXGroup;
			children = (
				2F065E1028396FA700EC5870 /* Repository */,
			);
			path = Interface;
			sourceTree = "<group>";
		};
		2F065E1028396FA700EC5870 /* Repository */ = {
			isa = PBXGroup;
			children = (
				2F065E1128396FC100EC5870 /* FoodProductRepository.swift */,
				2F065EBE283EF9B300EC5870 /* HistoryRepository.swift */,
			);
			path = Repository;
			sourceTree = "<group>";
		};
		2F065E132839701800EC5870 /* Entitiy */ = {
			isa = PBXGroup;
			children = (
				2F065E16283971E100EC5870 /* FoodProduct.swift */,
				2F065EC0283EF9F600EC5870 /* HistoryItem.swift */,
			);
			path = Entitiy;
			sourceTree = "<group>";
		};
		2F065E1A2839745000EC5870 /* Repository */ = {
			isa = PBXGroup;
			children = (
				2F065E93283D8CC000EC5870 /* Utils */,
				2F065E1B283974B500EC5870 /* FoodProductRepositoryImpl.swift */,
				2F065EC2283EFA1B00EC5870 /* HistoryRepositoryImpl.swift */,
			);
			path = Repository;
			sourceTree = "<group>";
		};
		2F065E242839825900EC5870 /* Assembly */ = {
			isa = PBXGroup;
			children = (
				2F065E252839825900EC5870 /* AppAssembly.swift */,
				2F065E382839968E00EC5870 /* FoodShakerAssembly.swift */,
			);
			path = Assembly;
			sourceTree = "<group>";
		};
		2F065E27283983E200EC5870 /* Coordinator */ = {
			isa = PBXGroup;
			children = (
				2F065E28283983EC00EC5870 /* AppCoordinator.swift */,
			);
			path = Coordinator;
			sourceTree = "<group>";
		};
		2F065E2D283991B900EC5870 /* Configuration */ = {
			isa = PBXGroup;
			children = (
				2F065E2228397B5C00EC5870 /* AppConfiguration.swift */,
			);
			path = Configuration;
			sourceTree = "<group>";
		};
		2F065E302839952A00EC5870 /* FoodShaker */ = {
			isa = PBXGroup;
			children = (
				2F065E442839B26E00EC5870 /* ViewModel */,
				2F065E3B2839A75B00EC5870 /* View */,
				2F065E3A2839A73500EC5870 /* Flow */,
			);
			path = FoodShaker;
			sourceTree = "<group>";
		};
		2F065E35283995B600EC5870 /* Routing */ = {
			isa = PBXGroup;
			children = (
				2F065E36283995C100EC5870 /* AppRouter.swift */,
			);
			path = Routing;
			sourceTree = "<group>";
		};
		2F065E3A2839A73500EC5870 /* Flow */ = {
			isa = PBXGroup;
			children = (
				2F065E2E283992F400EC5870 /* FoodShakerCoordinator.swift */,
			);
			path = Flow;
			sourceTree = "<group>";
		};
		2F065E3B2839A75B00EC5870 /* View */ = {
			isa = PBXGroup;
			children = (
				2F065E332839954E00EC5870 /* FoodShakerViewController.swift */,
				2F065E3C2839A7B400EC5870 /* FoodShakerViewController.xib */,
			);
			path = View;
			sourceTree = "<group>";
		};
		2F065E3E2839A83000EC5870 /* Utils */ = {
			isa = PBXGroup;
			children = (
				2F065E52283A83C700EC5870 /* Localization.swift */,
				2F065E4D283A823700EC5870 /* Extensions */,
				2F065E472839BBA000EC5870 /* Observable.swift */,
			);
			path = Utils;
			sourceTree = "<group>";
		};
		2F065E412839B07C00EC5870 /* UseCases */ = {
			isa = PBXGroup;
			children = (
				2F065E422839B0A200EC5870 /* FoodShakeUseCase.swift */,
				2F065EC8283F01D000EC5870 /* HistoryUseCase.swift */,
			);
			path = UseCases;
			sourceTree = "<group>";
		};
		2F065E442839B26E00EC5870 /* ViewModel */ = {
			isa = PBXGroup;
			children = (
				2F065E452839B27900EC5870 /* FoodShakeViewModel.swift */,
			);
			path = ViewModel;
			sourceTree = "<group>";
		};
		2F065E4D283A823700EC5870 /* Extensions */ = {
			isa = PBXGroup;
			children = (
				2F065E4E283A824500EC5870 /* View */,
				2F065E4F283A825700EC5870 /* ViewController */,
				2FD9991128413EDE00A254A9 /* UIColor+Utils.swift */,
			);
			path = Extensions;
			sourceTree = "<group>";
		};
		2F065E4E283A824500EC5870 /* View */ = {
			isa = PBXGroup;
			children = (
				2F065E49283A761D00EC5870 /* UIView+Animations.swift */,
				2F065E4B283A7B6400EC5870 /* UIView+Layer.swift */,
				2F065E65283AF6B400EC5870 /* UIView+Gradient.swift */,
			);
			path = View;
			sourceTree = "<group>";
		};
		2F065E4F283A825700EC5870 /* ViewController */ = {
			isa = PBXGroup;
			children = (
				2F065E3F2839A83900EC5870 /* UIViewController+NIb.swift */,
				2F065E50283A826800EC5870 /* UIViewController+Alert.swift */,
			);
			path = ViewController;
			sourceTree = "<group>";
		};
		2F065E54283AB7CA00EC5870 /* Common */ = {
			isa = PBXGroup;
			children = (
				2F065EB2283EF60300EC5870 /* BaseNavigationController.swift */,
				2F065E5A283ABD5000EC5870 /* NibDesignable.swift */,
				2F065E5E283AE3DD00EC5870 /* GradientView.swift */,
				2F065E57283AB7F200EC5870 /* InfoView */,
				2F065ED628402D1C00EC5870 /* PagingFlowLayout.swift */,
				2F065EDA2840325200EC5870 /* ProgressView */,
			);
			path = Common;
			sourceTree = "<group>";
		};
		2F065E57283AB7F200EC5870 /* InfoView */ = {
			isa = PBXGroup;
			children = (
				2F065E55283AB7EC00EC5870 /* InfoView.swift */,
				2F065E58283AB7F900EC5870 /* InfoView.xib */,
			);
			path = InfoView;
			sourceTree = "<group>";
		};
		2F065E60283AE5E300EC5870 /* Theme */ = {
			isa = PBXGroup;
			children = (
				2F065E61283AE60200EC5870 /* AppAppearance.swift */,
				2F065E63283AE63800EC5870 /* AppTheme.swift */,
			);
			path = Theme;
			sourceTree = "<group>";
		};
		2F065E67283B099900EC5870 /* PersistentStorage */ = {
			isa = PBXGroup;
			children = (
				2F065E87283D801A00EC5870 /* FoodStorage */,
				2F065E6B283B09E200EC5870 /* CoreDataStorage.swift */,
				2F065E68283B09D100EC5870 /* Model.xcdatamodeld */,
				2F065E92283D81C300EC5870 /* Entity */,
			);
			path = PersistentStorage;
			sourceTree = "<group>";
		};
		2F065E87283D801A00EC5870 /* FoodStorage */ = {
			isa = PBXGroup;
			children = (
				2F065E85283D7EFB00EC5870 /* FoodStorage.swift */,
				2F065E88283D802400EC5870 /* FoodStorageImpl.swift */,
			);
			path = FoodStorage;
			sourceTree = "<group>";
		};
		2F065E92283D81C300EC5870 /* Entity */ = {
			isa = PBXGroup;
			children = (
				2F065EA0283D994600EC5870 /* FoodEntity */,
				2F065EA1283D995700EC5870 /* HistoryEntity */,
				2F065EA2283D995E00EC5870 /* Mapping */,
			);
			path = Entity;
			sourceTree = "<group>";
		};
		2F065E93283D8CC000EC5870 /* Utils */ = {
			isa = PBXGroup;
			children = (
				2F065E94283D8CCF00EC5870 /* RepositoryTask.swift */,
			);
			path = Utils;
			sourceTree = "<group>";
		};
		2F065EA0283D994600EC5870 /* FoodEntity */ = {
			isa = PBXGroup;
			children = (
				2F065E98283D992700EC5870 /* FoodEntity+CoreDataClass.swift */,
				2F065E99283D992700EC5870 /* FoodEntity+CoreDataProperties.swift */,
			);
			path = FoodEntity;
			sourceTree = "<group>";
		};
		2F065EA1283D995700EC5870 /* HistoryEntity */ = {
			isa = PBXGroup;
			children = (
				2F065EA3283D99AC00EC5870 /* HistoryEntity+CoreDataClass.swift */,
				2F065EA4283D99AC00EC5870 /* HistoryEntity+CoreDataProperties.swift */,
			);
			path = HistoryEntity;
			sourceTree = "<group>";
		};
		2F065EA2283D995E00EC5870 /* Mapping */ = {
			isa = PBXGroup;
			children = (
				2F065E96283D98D500EC5870 /* FoodEntity+Mapping.swift */,
				2F065EC6283EFE4100EC5870 /* HistoryEntity+Mapping.swift */,
			);
			path = Mapping;
			sourceTree = "<group>";
		};
		2F065EB4283EF76400EC5870 /* History */ = {
			isa = PBXGroup;
			children = (
				2F065ECA283F02B900EC5870 /* ViewModel */,
				2F065ECB283F02C000EC5870 /* View */,
			);
			path = History;
			sourceTree = "<group>";
		};
		2F065EB5283EF77200EC5870 /* Details */ = {
			isa = PBXGroup;
			children = (
				2F065EBA283EF79F00EC5870 /* FoodDetailsViewController.swift */,
				2F065EBB283EF79F00EC5870 /* FoodDetailsViewController.xib */,
			);
			path = Details;
			sourceTree = "<group>";
		};
		2F065ECA283F02B900EC5870 /* ViewModel */ = {
			isa = PBXGroup;
			children = (
				2F065ECC283F02CF00EC5870 /* HistoryViewModel.swift */,
				2F065ED2283FD86800EC5870 /* HistoryItemViewModel.swift */,
			);
			path = ViewModel;
			sourceTree = "<group>";
		};
		2F065ECB283F02C000EC5870 /* View */ = {
			isa = PBXGroup;
			children = (
				2F065EB6283EF78E00EC5870 /* HistoryViewController.swift */,
				2F065EB7283EF78E00EC5870 /* HistoryViewController.xib */,
				2F065ECE283FC8FF00EC5870 /* HistoryItemCell.swift */,
				2F065ECF283FC8FF00EC5870 /* HistoryItemCell.xib */,
			);
			path = View;
			sourceTree = "<group>";
		};
		2F065EDA2840325200EC5870 /* ProgressView */ = {
			isa = PBXGroup;
			children = (
				2F065ED82840324D00EC5870 /* ProgressView.swift */,
				2F065EDB2840325C00EC5870 /* ProgressView.xib */,
			);
			path = ProgressView;
			sourceTree = "<group>";
		};
		2F7E7B0C28313FE50063C0A9 = {
			isa = PBXGroup;
			children = (
				2F7E7B1728313FE50063C0A9 /* LS */,
				2FD9991828427AAB00A254A9 /* LSTests */,
				2F7E7B1628313FE50063C0A9 /* Products */,
			);
			sourceTree = "<group>";
		};
		2F7E7B1628313FE50063C0A9 /* Products */ = {
			isa = PBXGroup;
			children = (
				2F7E7B1528313FE50063C0A9 /* LS.app */,
				2FD9991728427AAB00A254A9 /* LSTests.xctest */,
			);
			name = Products;
			sourceTree = "<group>";
		};
		2F7E7B1728313FE50063C0A9 /* LS */ = {
			isa = PBXGroup;
			children = (
				2F7E7B2C283141720063C0A9 /* Application */,
				2F7E7B2D283141890063C0A9 /* Presentation */,
				2F7E7B2E2831419A0063C0A9 /* Domain */,
				2F7E7B2F283141A70063C0A9 /* Data */,
				2F7E7B34283142E80063C0A9 /* Infrastructure */,
				2F7E7B31283141C20063C0A9 /* Common */,
				2F7E7B30283141BD0063C0A9 /* Resources */,
			);
			path = LS;
			sourceTree = "<group>";
		};
		2F7E7B2C283141720063C0A9 /* Application */ = {
			isa = PBXGroup;
			children = (
				2F7E7B1828313FE50063C0A9 /* AppDelegate.swift */,
				2F065E60283AE5E300EC5870 /* Theme */,
				2F065E35283995B600EC5870 /* Routing */,
				2F065E2D283991B900EC5870 /* Configuration */,
				2F065E27283983E200EC5870 /* Coordinator */,
				2F065E242839825900EC5870 /* Assembly */,
			);
			path = Application;
			sourceTree = "<group>";
		};
		2F7E7B2D283141890063C0A9 /* Presentation */ = {
			isa = PBXGroup;
			children = (
				2F065E54283AB7CA00EC5870 /* Common */,
				2F065E3E2839A83000EC5870 /* Utils */,
				2F065E302839952A00EC5870 /* FoodShaker */,
				2F065EB4283EF76400EC5870 /* History */,
				2F065EB5283EF77200EC5870 /* Details */,
			);
			path = Presentation;
			sourceTree = "<group>";
		};
		2F7E7B2E2831419A0063C0A9 /* Domain */ = {
			isa = PBXGroup;
			children = (
				2F065E132839701800EC5870 /* Entitiy */,
				2F065E0F28396F9500EC5870 /* Interface */,
			);
			path = Domain;
			sourceTree = "<group>";
		};
		2F7E7B2F283141A70063C0A9 /* Data */ = {
			isa = PBXGroup;
			children = (
				2F065E412839B07C00EC5870 /* UseCases */,
				2F065E1A2839745000EC5870 /* Repository */,
				2F7E7B50283302310063C0A9 /* Network */,
				2F065E67283B099900EC5870 /* PersistentStorage */,
			);
			path = Data;
			sourceTree = "<group>";
		};
		2F7E7B30283141BD0063C0A9 /* Resources */ = {
			isa = PBXGroup;
			children = (
				2F7E7B32283141DE0063C0A9 /* Localizable.strings */,
				2F7E7B2128313FE80063C0A9 /* Assets.xcassets */,
				2F7E7B2628313FE80063C0A9 /* Info.plist */,
				2F7E7B2328313FE80063C0A9 /* LaunchScreen.storyboard */,
			);
			path = Resources;
			sourceTree = "<group>";
		};
		2F7E7B31283141C20063C0A9 /* Common */ = {
			isa = PBXGroup;
			children = (
				2F065E18283973D900EC5870 /* Cancellable.swift */,
			);
			path = Common;
			sourceTree = "<group>";
		};
		2F7E7B34283142E80063C0A9 /* Infrastructure */ = {
			isa = PBXGroup;
			children = (
				2F7E7B35283145480063C0A9 /* Network */,
			);
			path = Infrastructure;
			sourceTree = "<group>";
		};
		2F7E7B35283145480063C0A9 /* Network */ = {
			isa = PBXGroup;
			children = (
				2F7E7B3E283150910063C0A9 /* Interface */,
				2F7E7B3C28314D5C0063C0A9 /* NetworkServiceImpl.swift */,
				2F7E7B5E28330EFE0063C0A9 /* NetworkSessionManagerImpl.swift */,
				2F065E0D283969DC00EC5870 /* NetworkLoggerImpl.swift */,
				2F7E7B5C28330A3D0063C0A9 /* DataTransferServiceImpl.swift */,
				2F7E7B582833063A0063C0A9 /* JSONResponseDecoder.swift */,
				2F7E7B3F283151110063C0A9 /* NetworkConfig.swift */,
				2F7E7B41283151E10063C0A9 /* Endpoint.swift */,
			);
			path = Network;
			sourceTree = "<group>";
		};
		2F7E7B3E283150910063C0A9 /* Interface */ = {
			isa = PBXGroup;
			children = (
				2F7E7B5A283309C60063C0A9 /* DataTransferService.swift */,
				2F7E7B36283145520063C0A9 /* NetworkService.swift */,
				2F7E7B38283148020063C0A9 /* Requestable.swift */,
				2F7E7B3A2831486F0063C0A9 /* NetworkConfigurable.swift */,
				2F065E0B2839690400EC5870 /* NetworkLogger.swift */,
			);
			path = Interface;
			sourceTree = "<group>";
		};
		2F7E7B50283302310063C0A9 /* Network */ = {
			isa = PBXGroup;
			children = (
				2F7E7B512833023D0063C0A9 /* APIEndpoints.swift */,
				2F7E7B53283302750063C0A9 /* DataMapping */,
			);
			path = Network;
			sourceTree = "<group>";
		};
		2F7E7B53283302750063C0A9 /* DataMapping */ = {
			isa = PBXGroup;
			children = (
				2F7E7B542833027E0063C0A9 /* FoodProductRequestDTO.swift */,
				2F7E7B56283302CA0063C0A9 /* FoodProductResponseDTO.swift */,
				2F065EC4283EFC4200EC5870 /* FoodHistoryResponseDTO.swift */,
			);
			path = DataMapping;
			sourceTree = "<group>";
		};
		2FD9991828427AAB00A254A9 /* LSTests */ = {
			isa = PBXGroup;
			children = (
				2FD9992428427DEC00A254A9 /* Infrastructure */,
				2FD9992028427BDB00A254A9 /* Mocks */,
			);
			path = LSTests;
			sourceTree = "<group>";
		};
		2FD9992028427BDB00A254A9 /* Mocks */ = {
			isa = PBXGroup;
			children = (
				2FD9992128427BE700A254A9 /* FoodProduct+Mock.swift */,
			);
			path = Mocks;
			sourceTree = "<group>";
		};
		2FD9992428427DEC00A254A9 /* Infrastructure */ = {
			isa = PBXGroup;
			children = (
				2FD9992528427DF800A254A9 /* Network */,
			);
			path = Infrastructure;
			sourceTree = "<group>";
		};
		2FD9992528427DF800A254A9 /* Network */ = {
			isa = PBXGroup;
			children = (
				2FD9992828427E3400A254A9 /* Mocks */,
				2FD9992628427E0E00A254A9 /* NetworkServiceTests.swift */,
			);
			path = Network;
			sourceTree = "<group>";
		};
		2FD9992828427E3400A254A9 /* Mocks */ = {
			isa = PBXGroup;
			children = (
				2FD9992928427E4200A254A9 /* EndpointMock.swift */,
				2FD9992C28427F9C00A254A9 /* NetworkConfigurableMock.swift */,
				2FD999312842811100A254A9 /* NetworkSessionManagerMock.swift */,
			);
			path = Mocks;
			sourceTree = "<group>";
		};
/* End PBXGroup section */

/* Begin PBXNativeTarget section */
		2F7E7B1428313FE50063C0A9 /* LS */ = {
			isa = PBXNativeTarget;
			buildConfigurationList = 2F7E7B2928313FE80063C0A9 /* Build configuration list for PBXNativeTarget "LS" */;
			buildPhases = (
				2F7E7B1128313FE50063C0A9 /* Sources */,
				2F7E7B1228313FE50063C0A9 /* Frameworks */,
				2F7E7B1328313FE50063C0A9 /* Resources */,
			);
			buildRules = (
			);
			dependencies = (
			);
			name = LS;
			productName = LS;
			productReference = 2F7E7B1528313FE50063C0A9 /* LS.app */;
			productType = "com.apple.product-type.application";
		};
		2FD9991628427AAB00A254A9 /* LSTests */ = {
			isa = PBXNativeTarget;
			buildConfigurationList = 2FD9991F28427AAB00A254A9 /* Build configuration list for PBXNativeTarget "LSTests" */;
			buildPhases = (
				2FD9991328427AAB00A254A9 /* Sources */,
				2FD9991428427AAB00A254A9 /* Frameworks */,
				2FD9991528427AAB00A254A9 /* Resources */,
			);
			buildRules = (
			);
			dependencies = (
				2FD9991C28427AAB00A254A9 /* PBXTargetDependency */,
			);
			name = LSTests;
			productName = LSTests;
			productReference = 2FD9991728427AAB00A254A9 /* LSTests.xctest */;
			productType = "com.apple.product-type.bundle.unit-test";
		};
/* End PBXNativeTarget section */

/* Begin PBXProject section */
		2F7E7B0D28313FE50063C0A9 /* Project object */ = {
			isa = PBXProject;
			attributes = {
				BuildIndependentTargetsInParallel = 1;
				LastSwiftUpdateCheck = 1340;
				LastUpgradeCheck = 1330;
				TargetAttributes = {
					2F7E7B1428313FE50063C0A9 = {
						CreatedOnToolsVersion = 13.3.1;
					};
					2FD9991628427AAB00A254A9 = {
						CreatedOnToolsVersion = 13.4;
						TestTargetID = 2F7E7B1428313FE50063C0A9;
					};
				};
			};
			buildConfigurationList = 2F7E7B1028313FE50063C0A9 /* Build configuration list for PBXProject "LS" */;
			compatibilityVersion = "Xcode 13.0";
			developmentRegion = en;
			hasScannedForEncodings = 0;
			knownRegions = (
				en,
				Base,
			);
			mainGroup = 2F7E7B0C28313FE50063C0A9;
			productRefGroup = 2F7E7B1628313FE50063C0A9 /* Products */;
			projectDirPath = "";
			projectRoot = "";
			targets = (
				2F7E7B1428313FE50063C0A9 /* LS */,
				2FD9991628427AAB00A254A9 /* LSTests */,
			);
		};
/* End PBXProject section */

/* Begin PBXResourcesBuildPhase section */
		2F7E7B1328313FE50063C0A9 /* Resources */ = {
			isa = PBXResourcesBuildPhase;
			buildActionMask = 2147483647;
			files = (
				2F065EDC2840325C00EC5870 /* ProgressView.xib in Resources */,
				2F7E7B2528313FE80063C0A9 /* LaunchScreen.storyboard in Resources */,
				2F065E3D2839A7B400EC5870 /* FoodShakerViewController.xib in Resources */,
				2F065E59283AB7F900EC5870 /* InfoView.xib in Resources */,
				2F065EBD283EF79F00EC5870 /* FoodDetailsViewController.xib in Resources */,
				2F7E7B33283141DE0063C0A9 /* Localizable.strings in Resources */,
				2F065ED1283FC8FF00EC5870 /* HistoryItemCell.xib in Resources */,
				2F7E7B2228313FE80063C0A9 /* Assets.xcassets in Resources */,
				2F065EB9283EF78E00EC5870 /* HistoryViewController.xib in Resources */,
			);
			runOnlyForDeploymentPostprocessing = 0;
		};
		2FD9991528427AAB00A254A9 /* Resources */ = {
			isa = PBXResourcesBuildPhase;
			buildActionMask = 2147483647;
			files = (
			);
			runOnlyForDeploymentPostprocessing = 0;
		};
/* End PBXResourcesBuildPhase section */

/* Begin PBXSourcesBuildPhase section */
		2F7E7B1128313FE50063C0A9 /* Sources */ = {
			isa = PBXSourcesBuildPhase;
			buildActionMask = 2147483647;
			files = (
				2F065EB3283EF60300EC5870 /* BaseNavigationController.swift in Sources */,
				2F065E5F283AE3DD00EC5870 /* GradientView.swift in Sources */,
				2F7E7B5B283309C60063C0A9 /* DataTransferService.swift in Sources */,
				2F065EB8283EF78E00EC5870 /* HistoryViewController.swift in Sources */,
				2F065E9C283D992700EC5870 /* FoodEntity+CoreDataClass.swift in Sources */,
				2F065EBC283EF79F00EC5870 /* FoodDetailsViewController.swift in Sources */,
				2F065E97283D98D500EC5870 /* FoodEntity+Mapping.swift in Sources */,
				2F065E95283D8CCF00EC5870 /* RepositoryTask.swift in Sources */,
				2F065E5B283ABD5000EC5870 /* NibDesignable.swift in Sources */,
				2F065E62283AE60200EC5870 /* AppAppearance.swift in Sources */,
				2F065E462839B27900EC5870 /* FoodShakeViewModel.swift in Sources */,
				2F7E7B552833027E0063C0A9 /* FoodProductRequestDTO.swift in Sources */,
				2F065ED92840324D00EC5870 /* ProgressView.swift in Sources */,
				2F065ECD283F02CF00EC5870 /* HistoryViewModel.swift in Sources */,
				2F065E51283A826800EC5870 /* UIViewController+Alert.swift in Sources */,
				2F065E53283A83C700EC5870 /* Localization.swift in Sources */,
				2F065E29283983EC00EC5870 /* AppCoordinator.swift in Sources */,
				2F065E86283D7EFB00EC5870 /* FoodStorage.swift in Sources */,
				2F065E37283995C100EC5870 /* AppRouter.swift in Sources */,
				2F065E1228396FC100EC5870 /* FoodProductRepository.swift in Sources */,
				2F065E392839968E00EC5870 /* FoodShakerAssembly.swift in Sources */,
				2F065EC5283EFC4200EC5870 /* FoodHistoryResponseDTO.swift in Sources */,
				2F7E7B42283151E10063C0A9 /* Endpoint.swift in Sources */,
				2F7E7B1928313FE50063C0A9 /* AppDelegate.swift in Sources */,
				2F065E4A283A761D00EC5870 /* UIView+Animations.swift in Sources */,
				2F7E7B3D28314D5C0063C0A9 /* NetworkServiceImpl.swift in Sources */,
				2F065EC7283EFE4100EC5870 /* HistoryEntity+Mapping.swift in Sources */,
				2F065E402839A83900EC5870 /* UIViewController+NIb.swift in Sources */,
				2F065ED3283FD86800EC5870 /* HistoryItemViewModel.swift in Sources */,
				2F065E6A283B09D100EC5870 /* Model.xcdatamodeld in Sources */,
				2F065ED728402D1C00EC5870 /* PagingFlowLayout.swift in Sources */,
				2F065E0E283969DC00EC5870 /* NetworkLoggerImpl.swift in Sources */,
				2F065E9D283D992700EC5870 /* FoodEntity+CoreDataProperties.swift in Sources */,
				2F7E7B3B2831486F0063C0A9 /* NetworkConfigurable.swift in Sources */,
				2F065E56283AB7EC00EC5870 /* InfoView.swift in Sources */,
				2F065E2F283992F400EC5870 /* FoodShakerCoordinator.swift in Sources */,
				2F065E89283D802400EC5870 /* FoodStorageImpl.swift in Sources */,
				2F065E17283971E100EC5870 /* FoodProduct.swift in Sources */,
				2F065ED0283FC8FF00EC5870 /* HistoryItemCell.swift in Sources */,
				2FD9991228413EDE00A254A9 /* UIColor+Utils.swift in Sources */,
				2F7E7B57283302CA0063C0A9 /* FoodProductResponseDTO.swift in Sources */,
				2F7E7B522833023D0063C0A9 /* APIEndpoints.swift in Sources */,
				2F7E7B5D28330A3D0063C0A9 /* DataTransferServiceImpl.swift in Sources */,
				2F065E1C283974B500EC5870 /* FoodProductRepositoryImpl.swift in Sources */,
				2F7E7B37283145520063C0A9 /* NetworkService.swift in Sources */,
				2F065EC1283EF9F600EC5870 /* HistoryItem.swift in Sources */,
				2F7E7B40283151110063C0A9 /* NetworkConfig.swift in Sources */,
				2F065EA5283D99AC00EC5870 /* HistoryEntity+CoreDataClass.swift in Sources */,
				2F065EC9283F01D000EC5870 /* HistoryUseCase.swift in Sources */,
				2F065E2328397B5C00EC5870 /* AppConfiguration.swift in Sources */,
				2F065E64283AE63800EC5870 /* AppTheme.swift in Sources */,
				2F7E7B592833063A0063C0A9 /* JSONResponseDecoder.swift in Sources */,
				2F065EBF283EF9B300EC5870 /* HistoryRepository.swift in Sources */,
				2F065E6C283B09E200EC5870 /* CoreDataStorage.swift in Sources */,
				2F065EA6283D99AC00EC5870 /* HistoryEntity+CoreDataProperties.swift in Sources */,
				2F065E19283973D900EC5870 /* Cancellable.swift in Sources */,
				2F065E4C283A7B6400EC5870 /* UIView+Layer.swift in Sources */,
				2F7E7B39283148020063C0A9 /* Requestable.swift in Sources */,
				2F065E262839825900EC5870 /* AppAssembly.swift in Sources */,
				2F065E66283AF6B400EC5870 /* UIView+Gradient.swift in Sources */,
				2F065EC3283EFA1B00EC5870 /* HistoryRepositoryImpl.swift in Sources */,
				2F065E342839954E00EC5870 /* FoodShakerViewController.swift in Sources */,
				2F065E482839BBA000EC5870 /* Observable.swift in Sources */,
				2F065E0C2839690400EC5870 /* NetworkLogger.swift in Sources */,
				2F7E7B5F28330EFF0063C0A9 /* NetworkSessionManagerImpl.swift in Sources */,
				2F065E432839B0A200EC5870 /* FoodShakeUseCase.swift in Sources */,
			);
			runOnlyForDeploymentPostprocessing = 0;
		};
		2FD9991328427AAB00A254A9 /* Sources */ = {
			isa = PBXSourcesBuildPhase;
			buildActionMask = 2147483647;
			files = (
				2FD9992E28427FB700A254A9 /* NetworkConfigurable.swift in Sources */,
				2FD999352842836A00A254A9 /* Cancellable.swift in Sources */,
				2FD9992B28427E9B00A254A9 /* Requestable.swift in Sources */,
				2FD9992F2842809B00A254A9 /* NetworkService.swift in Sources */,
				2FD9992A28427E4200A254A9 /* EndpointMock.swift in Sources */,
				2FD99930284280DF00A254A9 /* NetworkServiceImpl.swift in Sources */,
				2FD9992328427C1700A254A9 /* FoodProduct.swift in Sources */,
				2FD999342842835D00A254A9 /* NetworkLoggerImpl.swift in Sources */,
				2FD9992D28427F9C00A254A9 /* NetworkConfigurableMock.swift in Sources */,
				2FD999322842811100A254A9 /* NetworkSessionManagerMock.swift in Sources */,
				2FD9992728427E0E00A254A9 /* NetworkServiceTests.swift in Sources */,
				2FD9992228427BE700A254A9 /* FoodProduct+Mock.swift in Sources */,
				2FD999332842830E00A254A9 /* NetworkLogger.swift in Sources */,
			);
			runOnlyForDeploymentPostprocessing = 0;
		};
/* End PBXSourcesBuildPhase section */

/* Begin PBXTargetDependency section */
		2FD9991C28427AAB00A254A9 /* PBXTargetDependency */ = {
			isa = PBXTargetDependency;
			target = 2F7E7B1428313FE50063C0A9 /* LS */;
			targetProxy = 2FD9991B28427AAB00A254A9 /* PBXContainerItemProxy */;
		};
/* End PBXTargetDependency section */

/* Begin PBXVariantGroup section */
		2F7E7B2328313FE80063C0A9 /* LaunchScreen.storyboard */ = {
			isa = PBXVariantGroup;
			children = (
				2F7E7B2428313FE80063C0A9 /* Base */,
			);
			name = LaunchScreen.storyboard;
			sourceTree = "<group>";
		};
/* End PBXVariantGroup section */

/* Begin XCBuildConfiguration section */
		2F7E7B2728313FE80063C0A9 /* Debug */ = {
			isa = XCBuildConfiguration;
			buildSettings = {
				ALWAYS_SEARCH_USER_PATHS = NO;
				CLANG_ANALYZER_NONNULL = YES;
				CLANG_ANALYZER_NUMBER_OBJECT_CONVERSION = YES_AGGRESSIVE;
				CLANG_CXX_LANGUAGE_STANDARD = "gnu++17";
				CLANG_ENABLE_MODULES = YES;
				CLANG_ENABLE_OBJC_ARC = YES;
				CLANG_ENABLE_OBJC_WEAK = YES;
				CLANG_WARN_BLOCK_CAPTURE_AUTORELEASING = YES;
				CLANG_WARN_BOOL_CONVERSION = YES;
				CLANG_WARN_COMMA = YES;
				CLANG_WARN_CONSTANT_CONVERSION = YES;
				CLANG_WARN_DEPRECATED_OBJC_IMPLEMENTATIONS = YES;
				CLANG_WARN_DIRECT_OBJC_ISA_USAGE = YES_ERROR;
				CLANG_WARN_DOCUMENTATION_COMMENTS = YES;
				CLANG_WARN_EMPTY_BODY = YES;
				CLANG_WARN_ENUM_CONVERSION = YES;
				CLANG_WARN_INFINITE_RECURSION = YES;
				CLANG_WARN_INT_CONVERSION = YES;
				CLANG_WARN_NON_LITERAL_NULL_CONVERSION = YES;
				CLANG_WARN_OBJC_IMPLICIT_RETAIN_SELF = YES;
				CLANG_WARN_OBJC_LITERAL_CONVERSION = YES;
				CLANG_WARN_OBJC_ROOT_CLASS = YES_ERROR;
				CLANG_WARN_QUOTED_INCLUDE_IN_FRAMEWORK_HEADER = YES;
				CLANG_WARN_RANGE_LOOP_ANALYSIS = YES;
				CLANG_WARN_STRICT_PROTOTYPES = YES;
				CLANG_WARN_SUSPICIOUS_MOVE = YES;
				CLANG_WARN_UNGUARDED_AVAILABILITY = YES_AGGRESSIVE;
				CLANG_WARN_UNREACHABLE_CODE = YES;
				CLANG_WARN__DUPLICATE_METHOD_MATCH = YES;
				COPY_PHASE_STRIP = NO;
				DEBUG_INFORMATION_FORMAT = dwarf;
				ENABLE_STRICT_OBJC_MSGSEND = YES;
				ENABLE_TESTABILITY = YES;
				GCC_C_LANGUAGE_STANDARD = gnu11;
				GCC_DYNAMIC_NO_PIC = NO;
				GCC_NO_COMMON_BLOCKS = YES;
				GCC_OPTIMIZATION_LEVEL = 0;
				GCC_PREPROCESSOR_DEFINITIONS = (
					"DEBUG=1",
					"$(inherited)",
				);
				GCC_WARN_64_TO_32_BIT_CONVERSION = YES;
				GCC_WARN_ABOUT_RETURN_TYPE = YES_ERROR;
				GCC_WARN_UNDECLARED_SELECTOR = YES;
				GCC_WARN_UNINITIALIZED_AUTOS = YES_AGGRESSIVE;
				GCC_WARN_UNUSED_FUNCTION = YES;
				GCC_WARN_UNUSED_VARIABLE = YES;
				IPHONEOS_DEPLOYMENT_TARGET = 15.4;
				MTL_ENABLE_DEBUG_INFO = INCLUDE_SOURCE;
				MTL_FAST_MATH = YES;
				ONLY_ACTIVE_ARCH = YES;
				SDKROOT = iphoneos;
				SWIFT_ACTIVE_COMPILATION_CONDITIONS = DEBUG;
				SWIFT_OPTIMIZATION_LEVEL = "-Onone";
			};
			name = Debug;
		};
		2F7E7B2828313FE80063C0A9 /* Release */ = {
			isa = XCBuildConfiguration;
			buildSettings = {
				ALWAYS_SEARCH_USER_PATHS = NO;
				CLANG_ANALYZER_NONNULL = YES;
				CLANG_ANALYZER_NUMBER_OBJECT_CONVERSION = YES_AGGRESSIVE;
				CLANG_CXX_LANGUAGE_STANDARD = "gnu++17";
				CLANG_ENABLE_MODULES = YES;
				CLANG_ENABLE_OBJC_ARC = YES;
				CLANG_ENABLE_OBJC_WEAK = YES;
				CLANG_WARN_BLOCK_CAPTURE_AUTORELEASING = YES;
				CLANG_WARN_BOOL_CONVERSION = YES;
				CLANG_WARN_COMMA = YES;
				CLANG_WARN_CONSTANT_CONVERSION = YES;
				CLANG_WARN_DEPRECATED_OBJC_IMPLEMENTATIONS = YES;
				CLANG_WARN_DIRECT_OBJC_ISA_USAGE = YES_ERROR;
				CLANG_WARN_DOCUMENTATION_COMMENTS = YES;
				CLANG_WARN_EMPTY_BODY = YES;
				CLANG_WARN_ENUM_CONVERSION = YES;
				CLANG_WARN_INFINITE_RECURSION = YES;
				CLANG_WARN_INT_CONVERSION = YES;
				CLANG_WARN_NON_LITERAL_NULL_CONVERSION = YES;
				CLANG_WARN_OBJC_IMPLICIT_RETAIN_SELF = YES;
				CLANG_WARN_OBJC_LITERAL_CONVERSION = YES;
				CLANG_WARN_OBJC_ROOT_CLASS = YES_ERROR;
				CLANG_WARN_QUOTED_INCLUDE_IN_FRAMEWORK_HEADER = YES;
				CLANG_WARN_RANGE_LOOP_ANALYSIS = YES;
				CLANG_WARN_STRICT_PROTOTYPES = YES;
				CLANG_WARN_SUSPICIOUS_MOVE = YES;
				CLANG_WARN_UNGUARDED_AVAILABILITY = YES_AGGRESSIVE;
				CLANG_WARN_UNREACHABLE_CODE = YES;
				CLANG_WARN__DUPLICATE_METHOD_MATCH = YES;
				COPY_PHASE_STRIP = NO;
				DEBUG_INFORMATION_FORMAT = "dwarf-with-dsym";
				ENABLE_NS_ASSERTIONS = NO;
				ENABLE_STRICT_OBJC_MSGSEND = YES;
				GCC_C_LANGUAGE_STANDARD = gnu11;
				GCC_NO_COMMON_BLOCKS = YES;
				GCC_WARN_64_TO_32_BIT_CONVERSION = YES;
				GCC_WARN_ABOUT_RETURN_TYPE = YES_ERROR;
				GCC_WARN_UNDECLARED_SELECTOR = YES;
				GCC_WARN_UNINITIALIZED_AUTOS = YES_AGGRESSIVE;
				GCC_WARN_UNUSED_FUNCTION = YES;
				GCC_WARN_UNUSED_VARIABLE = YES;
				IPHONEOS_DEPLOYMENT_TARGET = 15.4;
				MTL_ENABLE_DEBUG_INFO = NO;
				MTL_FAST_MATH = YES;
				SDKROOT = iphoneos;
				SWIFT_COMPILATION_MODE = wholemodule;
				SWIFT_OPTIMIZATION_LEVEL = "-O";
				VALIDATE_PRODUCT = YES;
			};
			name = Release;
		};
		2F7E7B2A28313FE80063C0A9 /* Debug */ = {
			isa = XCBuildConfiguration;
			buildSettings = {
				ASSETCATALOG_COMPILER_APPICON_NAME = AppIcon;
				ASSETCATALOG_COMPILER_GLOBAL_ACCENT_COLOR_NAME = AccentColor;
				CODE_SIGN_STYLE = Automatic;
				CURRENT_PROJECT_VERSION = 1;
				GENERATE_INFOPLIST_FILE = YES;
				INFOPLIST_FILE = LS/Resources/Info.plist;
				INFOPLIST_KEY_UIApplicationSupportsIndirectInputEvents = YES;
				INFOPLIST_KEY_UILaunchStoryboardName = LaunchScreen;
				INFOPLIST_KEY_UISupportedInterfaceOrientations = UIInterfaceOrientationPortrait;
				INFOPLIST_KEY_UISupportedInterfaceOrientations_iPad = "UIInterfaceOrientationPortrait UIInterfaceOrientationPortraitUpsideDown UIInterfaceOrientationLandscapeLeft UIInterfaceOrientationLandscapeRight";
				INFOPLIST_KEY_UISupportedInterfaceOrientations_iPhone = UIInterfaceOrientationPortrait;
				LD_RUNPATH_SEARCH_PATHS = (
					"$(inherited)",
					"@executable_path/Frameworks",
				);
				MARKETING_VERSION = 1.0;
				PRODUCT_BUNDLE_IDENTIFIER = com.vkostechko.LS;
				PRODUCT_NAME = "$(TARGET_NAME)";
				SWIFT_EMIT_LOC_STRINGS = YES;
				SWIFT_VERSION = 5.0;
				TARGETED_DEVICE_FAMILY = 1;
			};
			name = Debug;
		};
		2F7E7B2B28313FE80063C0A9 /* Release */ = {
			isa = XCBuildConfiguration;
			buildSettings = {
				ASSETCATALOG_COMPILER_APPICON_NAME = AppIcon;
				ASSETCATALOG_COMPILER_GLOBAL_ACCENT_COLOR_NAME = AccentColor;
				CODE_SIGN_STYLE = Automatic;
				CURRENT_PROJECT_VERSION = 1;
				GENERATE_INFOPLIST_FILE = YES;
				INFOPLIST_FILE = LS/Resources/Info.plist;
				INFOPLIST_KEY_UIApplicationSupportsIndirectInputEvents = YES;
				INFOPLIST_KEY_UILaunchStoryboardName = LaunchScreen;
				INFOPLIST_KEY_UISupportedInterfaceOrientations = UIInterfaceOrientationPortrait;
				INFOPLIST_KEY_UISupportedInterfaceOrientations_iPad = "UIInterfaceOrientationPortrait UIInterfaceOrientationPortraitUpsideDown UIInterfaceOrientationLandscapeLeft UIInterfaceOrientationLandscapeRight";
				INFOPLIST_KEY_UISupportedInterfaceOrientations_iPhone = UIInterfaceOrientationPortrait;
				LD_RUNPATH_SEARCH_PATHS = (
					"$(inherited)",
					"@executable_path/Frameworks",
				);
				MARKETING_VERSION = 1.0;
				PRODUCT_BUNDLE_IDENTIFIER = com.vkostechko.LS;
				PRODUCT_NAME = "$(TARGET_NAME)";
				SWIFT_EMIT_LOC_STRINGS = YES;
				SWIFT_VERSION = 5.0;
				TARGETED_DEVICE_FAMILY = 1;
			};
			name = Release;
		};
		2FD9991D28427AAB00A254A9 /* Debug */ = {
			isa = XCBuildConfiguration;
			buildSettings = {
				BUNDLE_LOADER = "$(TEST_HOST)";
				CODE_SIGN_STYLE = Automatic;
				CURRENT_PROJECT_VERSION = 1;
				GENERATE_INFOPLIST_FILE = YES;
				IPHONEOS_DEPLOYMENT_TARGET = 15.5;
				MARKETING_VERSION = 1.0;
				PRODUCT_BUNDLE_IDENTIFIER = com.vkostechko.LSTests;
				PRODUCT_NAME = "$(TARGET_NAME)";
				SWIFT_EMIT_LOC_STRINGS = NO;
				SWIFT_VERSION = 5.0;
				TARGETED_DEVICE_FAMILY = "1,2";
				TEST_HOST = "$(BUILT_PRODUCTS_DIR)/LS.app/LS";
			};
			name = Debug;
		};
		2FD9991E28427AAB00A254A9 /* Release */ = {
			isa = XCBuildConfiguration;
			buildSettings = {
				BUNDLE_LOADER = "$(TEST_HOST)";
				CODE_SIGN_STYLE = Automatic;
				CURRENT_PROJECT_VERSION = 1;
				GENERATE_INFOPLIST_FILE = YES;
				IPHONEOS_DEPLOYMENT_TARGET = 15.5;
				MARKETING_VERSION = 1.0;
				PRODUCT_BUNDLE_IDENTIFIER = com.vkostechko.LSTests;
				PRODUCT_NAME = "$(TARGET_NAME)";
				SWIFT_EMIT_LOC_STRINGS = NO;
				SWIFT_VERSION = 5.0;
				TARGETED_DEVICE_FAMILY = "1,2";
				TEST_HOST = "$(BUILT_PRODUCTS_DIR)/LS.app/LS";
			};
			name = Release;
		};
/* End XCBuildConfiguration section */

/* Begin XCConfigurationList section */
		2F7E7B1028313FE50063C0A9 /* Build configuration list for PBXProject "LS" */ = {
			isa = XCConfigurationList;
			buildConfigurations = (
				2F7E7B2728313FE80063C0A9 /* Debug */,
				2F7E7B2828313FE80063C0A9 /* Release */,
			);
			defaultConfigurationIsVisible = 0;
			defaultConfigurationName = Release;
		};
		2F7E7B2928313FE80063C0A9 /* Build configuration list for PBXNativeTarget "LS" */ = {
			isa = XCConfigurationList;
			buildConfigurations = (
				2F7E7B2A28313FE80063C0A9 /* Debug */,
				2F7E7B2B28313FE80063C0A9 /* Release */,
			);
			defaultConfigurationIsVisible = 0;
			defaultConfigurationName = Release;
		};
		2FD9991F28427AAB00A254A9 /* Build configuration list for PBXNativeTarget "LSTests" */ = {
			isa = XCConfigurationList;
			buildConfigurations = (
				2FD9991D28427AAB00A254A9 /* Debug */,
				2FD9991E28427AAB00A254A9 /* Release */,
			);
			defaultConfigurationIsVisible = 0;
			defaultConfigurationName = Release;
		};
/* End XCConfigurationList section */

/* Begin XCVersionGroup section */
		2F065E68283B09D100EC5870 /* Model.xcdatamodeld */ = {
			isa = XCVersionGroup;
			children = (
				2F065E69283B09D100EC5870 /* Model.xcdatamodel */,
			);
			currentVersion = 2F065E69283B09D100EC5870 /* Model.xcdatamodel */;
			path = Model.xcdatamodeld;
			sourceTree = "<group>";
			versionGroupType = wrapper.xcdatamodel;
		};
/* End XCVersionGroup section */
	};
	rootObject = 2F7E7B0D28313FE50063C0A9 /* Project object */;
}
